
Microsoft Visual Studio Solution File, Format Version 12.00
# Visual Studio Version 16
VisualStudioVersion = 16.0.29230.47
MinimumVisualStudioVersion = 10.0.40219.1
Project("{9A19103F-16F7-4668-BE54-9A1E7A4F7556}") = "SimpleBotWithProxy", "SimpleBotWithProxy\SimpleBotWithProxy.csproj", "{F665FC3F-F4A8-4EDA-AF8A-819D06EB0617}"
EndProject
Global
	GlobalSection(SolutionConfigurationPlatforms) = preSolution
		Debug|Any CPU = Debug|Any CPU
		Release|Any CPU = Release|Any CPU
	EndGlobalSection
	GlobalSection(ProjectConfigurationPlatforms) = postSolution
		{F665FC3F-F4A8-4EDA-AF8A-819D06EB0617}.Debug|Any CPU.ActiveCfg = Debug|Any CPU
		{F665FC3F-F4A8-4EDA-AF8A-819D06EB0617}.Debug|Any CPU.Build.0 = Debug|Any CPU
		{F665FC3F-F4A8-4EDA-AF8A-819D06EB0617}.Release|Any CPU.ActiveCfg = Release|Any CPU
		{F665FC3F-F4A8-4EDA-AF8A-819D06EB0617}.Release|Any CPU.Build.0 = Release|Any CPU
	EndGlobalSection
	GlobalSection(SolutionProperties) = preSolution
		HideSolutionNode = FALSE
	EndGlobalSection
	GlobalSection(ExtensibilityGlobals) = postSolution
		SolutionGuid = {2A24799C-4C77-4F18-90BC-DAEB4C06CAE6}
	EndGlobalSection
EndGlobal
